// !$*UTF8*$!
{
	archiveVersion = 1;
	classes = {
	};
	objectVersion = 56;
	objects = {

/* Begin PBXBuildFile section */
		837D78F42A8CCA6C005B498E /* MN5SwiftKit.framework in Frameworks */ = {isa = PBXBuildFile; fileRef = 837D78EB2A8CCA6B005B498E /* MN5SwiftKit.framework */; };
		837D79222A8DBDD7005B498E /* DeviceModel.swift in Sources */ = {isa = PBXBuildFile; fileRef = 837D791A2A8DBDD7005B498E /* DeviceModel.swift */; };
		837D79232A8DBDD7005B498E /* UIDevice.swift in Sources */ = {isa = PBXBuildFile; fileRef = 837D791B2A8DBDD7005B498E /* UIDevice.swift */; };
		837D79242A8DBDD7005B498E /* NSString.swift in Sources */ = {isa = PBXBuildFile; fileRef = 837D791E2A8DBDD7005B498E /* NSString.swift */; };
		837D79252A8DBDD7005B498E /* NSDictionary.swift in Sources */ = {isa = PBXBuildFile; fileRef = 837D791F2A8DBDD7005B498E /* NSDictionary.swift */; };
		837D79262A8DBDD7005B498E /* Dictionary.swift in Sources */ = {isa = PBXBuildFile; fileRef = 837D79202A8DBDD7005B498E /* Dictionary.swift */; };
		837D79272A8DBDD7005B498E /* String.swift in Sources */ = {isa = PBXBuildFile; fileRef = 837D79212A8DBDD7005B498E /* String.swift */; };
		837D792A2A8DBDE6005B498E /* Dictionary_test.swift in Sources */ = {isa = PBXBuildFile; fileRef = 837D79292A8DBDE6005B498E /* Dictionary_test.swift */; };
		837D792C2A8DD1EA005B498E /* UITableViewCell.swift in Sources */ = {isa = PBXBuildFile; fileRef = 837D792B2A8DD1EA005B498E /* UITableViewCell.swift */; };
		837D792E2A8DD59E005B498E /* String+MD5.swift in Sources */ = {isa = PBXBuildFile; fileRef = 837D792D2A8DD59E005B498E /* String+MD5.swift */; };
/* End PBXBuildFile section */

/* Begin PBXContainerItemProxy section */
		837D78F52A8CCA6C005B498E /* PBXContainerItemProxy */ = {
			isa = PBXContainerItemProxy;
			containerPortal = 837D78E22A8CCA6B005B498E /* Project object */;
			proxyType = 1;
			remoteGlobalIDString = 837D78EA2A8CCA6B005B498E;
			remoteInfo = MN5SwiftKit;
		};
/* End PBXContainerItemProxy section */

/* Begin PBXFileReference section */
		837D78EB2A8CCA6B005B498E /* MN5SwiftKit.framework */ = {isa = PBXFileReference; explicitFileType = wrapper.framework; includeInIndex = 0; path = MN5SwiftKit.framework; sourceTree = BUILT_PRODUCTS_DIR; };
		837D78F32A8CCA6C005B498E /* MN5SwiftKitTests.xctest */ = {isa = PBXFileReference; explicitFileType = wrapper.cfbundle; includeInIndex = 0; path = MN5SwiftKitTests.xctest; sourceTree = BUILT_PRODUCTS_DIR; };
		837D791A2A8DBDD7005B498E /* DeviceModel.swift */ = {isa = PBXFileReference; fileEncoding = 4; lastKnownFileType = sourcecode.swift; path = DeviceModel.swift; sourceTree = "<group>"; };
		837D791B2A8DBDD7005B498E /* UIDevice.swift */ = {isa = PBXFileReference; fileEncoding = 4; lastKnownFileType = sourcecode.swift; path = UIDevice.swift; sourceTree = "<group>"; };
		837D791E2A8DBDD7005B498E /* NSString.swift */ = {isa = PBXFileReference; fileEncoding = 4; lastKnownFileType = sourcecode.swift; path = NSString.swift; sourceTree = "<group>"; };
		837D791F2A8DBDD7005B498E /* NSDictionary.swift */ = {isa = PBXFileReference; fileEncoding = 4; lastKnownFileType = sourcecode.swift; path = NSDictionary.swift; sourceTree = "<group>"; };
		837D79202A8DBDD7005B498E /* Dictionary.swift */ = {isa = PBXFileReference; fileEncoding = 4; lastKnownFileType = sourcecode.swift; path = Dictionary.swift; sourceTree = "<group>"; };
		837D79212A8DBDD7005B498E /* String.swift */ = {isa = PBXFileReference; fileEncoding = 4; lastKnownFileType = sourcecode.swift; path = String.swift; sourceTree = "<group>"; };
		837D79292A8DBDE6005B498E /* Dictionary_test.swift */ = {isa = PBXFileReference; fileEncoding = 4; lastKnownFileType = sourcecode.swift; path = Dictionary_test.swift; sourceTree = "<group>"; };
		837D792B2A8DD1EA005B498E /* UITableViewCell.swift */ = {isa = PBXFileReference; lastKnownFileType = sourcecode.swift; path = UITableViewCell.swift; sourceTree = "<group>"; };
		837D792D2A8DD59E005B498E /* String+MD5.swift */ = {isa = PBXFileReference; lastKnownFileType = sourcecode.swift; path = "String+MD5.swift"; sourceTree = "<group>"; };
/* End PBXFileReference section */

/* Begin PBXFrameworksBuildPhase section */
		837D78E82A8CCA6B005B498E /* Frameworks */ = {
			isa = PBXFrameworksBuildPhase;
			buildActionMask = 2147483647;
			files = (
			);
			runOnlyForDeploymentPostprocessing = 0;
		};
		837D78F02A8CCA6C005B498E /* Frameworks */ = {
			isa = PBXFrameworksBuildPhase;
			buildActionMask = 2147483647;
			files = (
				837D78F42A8CCA6C005B498E /* MN5SwiftKit.framework in Frameworks */,
			);
			runOnlyForDeploymentPostprocessing = 0;
		};
/* End PBXFrameworksBuildPhase section */

/* Begin PBXGroup section */
		837D78E12A8CCA6B005B498E = {
			isa = PBXGroup;
			children = (
				837D79182A8DBDD7005B498E /* Source */,
				837D79282A8DBDE6005B498E /* Tests */,
				837D78EC2A8CCA6B005B498E /* Products */,
			);
			sourceTree = "<group>";
		};
		837D78EC2A8CCA6B005B498E /* Products */ = {
			isa = PBXGroup;
			children = (
				837D78EB2A8CCA6B005B498E /* MN5SwiftKit.framework */,
				837D78F32A8CCA6C005B498E /* MN5SwiftKitTests.xctest */,
			);
			name = Products;
			sourceTree = "<group>";
		};
		837D79182A8DBDD7005B498E /* Source */ = {
			isa = PBXGroup;
			children = (
				837D79192A8DBDD7005B498E /* UIKit */,
				837D791D2A8DBDD7005B498E /* Foudation */,
			);
			path = Source;
			sourceTree = "<group>";
		};
		837D79192A8DBDD7005B498E /* UIKit */ = {
			isa = PBXGroup;
			children = (
				837D791A2A8DBDD7005B498E /* DeviceModel.swift */,
				837D791B2A8DBDD7005B498E /* UIDevice.swift */,
				837D792B2A8DD1EA005B498E /* UITableViewCell.swift */,
			);
			path = UIKit;
			sourceTree = "<group>";
		};
		837D791D2A8DBDD7005B498E /* Foudation */ = {
			isa = PBXGroup;
			children = (
				837D791E2A8DBDD7005B498E /* NSString.swift */,
				837D791F2A8DBDD7005B498E /* NSDictionary.swift */,
				837D79202A8DBDD7005B498E /* Dictionary.swift */,
				837D79212A8DBDD7005B498E /* String.swift */,
				837D792D2A8DD59E005B498E /* String+MD5.swift */,
			);
			path = Foudation;
			sourceTree = "<group>";
		};
		837D79282A8DBDE6005B498E /* Tests */ = {
			isa = PBXGroup;
			children = (
				837D79292A8DBDE6005B498E /* Dictionary_test.swift */,
			);
			path = Tests;
			sourceTree = "<group>";
		};
/* End PBXGroup section */

/* Begin PBXHeadersBuildPhase section */
		837D78E62A8CCA6B005B498E /* Headers */ = {
			isa = PBXHeadersBuildPhase;
			buildActionMask = 2147483647;
			files = (
			);
			runOnlyForDeploymentPostprocessing = 0;
		};
/* End PBXHeadersBuildPhase section */

/* Begin PBXNativeTarget section */
		837D78EA2A8CCA6B005B498E /* MN5SwiftKit */ = {
			isa = PBXNativeTarget;
			buildConfigurationList = 837D78FD2A8CCA6C005B498E /* Build configuration list for PBXNativeTarget "MN5SwiftKit" */;
			buildPhases = (
				837D78E62A8CCA6B005B498E /* Headers */,
				837D78E72A8CCA6B005B498E /* Sources */,
				837D78E82A8CCA6B005B498E /* Frameworks */,
				837D78E92A8CCA6B005B498E /* Resources */,
			);
			buildRules = (
			);
			dependencies = (
			);
			name = MN5SwiftKit;
			productName = MN5SwiftKit;
			productReference = 837D78EB2A8CCA6B005B498E /* MN5SwiftKit.framework */;
			productType = "com.apple.product-type.framework";
		};
		837D78F22A8CCA6C005B498E /* MN5SwiftKitTests */ = {
			isa = PBXNativeTarget;
			buildConfigurationList = 837D79002A8CCA6C005B498E /* Build configuration list for PBXNativeTarget "MN5SwiftKitTests" */;
			buildPhases = (
				837D78EF2A8CCA6C005B498E /* Sources */,
				837D78F02A8CCA6C005B498E /* Frameworks */,
				837D78F12A8CCA6C005B498E /* Resources */,
			);
			buildRules = (
			);
			dependencies = (
				837D78F62A8CCA6C005B498E /* PBXTargetDependency */,
			);
			name = MN5SwiftKitTests;
			productName = MN5SwiftKitTests;
			productReference = 837D78F32A8CCA6C005B498E /* MN5SwiftKitTests.xctest */;
			productType = "com.apple.product-type.bundle.unit-test";
		};
/* End PBXNativeTarget section */

/* Begin PBXProject section */
		837D78E22A8CCA6B005B498E /* Project object */ = {
			isa = PBXProject;
			attributes = {
				BuildIndependentTargetsInParallel = 1;
				LastSwiftUpdateCheck = 1430;
				LastUpgradeCheck = 1430;
				TargetAttributes = {
					837D78EA2A8CCA6B005B498E = {
						CreatedOnToolsVersion = 14.3.1;
					};
					837D78F22A8CCA6C005B498E = {
						CreatedOnToolsVersion = 14.3.1;
					};
				};
			};
			buildConfigurationList = 837D78E52A8CCA6B005B498E /* Build configuration list for PBXProject "MN5SwiftKit" */;
			compatibilityVersion = "Xcode 14.0";
			developmentRegion = en;
			hasScannedForEncodings = 0;
			knownRegions = (
				en,
				Base,
			);
			mainGroup = 837D78E12A8CCA6B005B498E;
			productRefGroup = 837D78EC2A8CCA6B005B498E /* Products */;
			projectDirPath = "";
			projectRoot = "";
			targets = (
				837D78EA2A8CCA6B005B498E /* MN5SwiftKit */,
				837D78F22A8CCA6C005B498E /* MN5SwiftKitTests */,
			);
		};
/* End PBXProject section */

/* Begin PBXResourcesBuildPhase section */
		837D78E92A8CCA6B005B498E /* Resources */ = {
			isa = PBXResourcesBuildPhase;
			buildActionMask = 2147483647;
			files = (
			);
			runOnlyForDeploymentPostprocessing = 0;
		};
		837D78F12A8CCA6C005B498E /* Resources */ = {
			isa = PBXResourcesBuildPhase;
			buildActionMask = 2147483647;
			files = (
			);
			runOnlyForDeploymentPostprocessing = 0;
		};
/* End PBXResourcesBuildPhase section */

/* Begin PBXSourcesBuildPhase section */
		837D78E72A8CCA6B005B498E /* Sources */ = {
			isa = PBXSourcesBuildPhase;
			buildActionMask = 2147483647;
			files = (
				837D79272A8DBDD7005B498E /* String.swift in Sources */,
				837D79252A8DBDD7005B498E /* NSDictionary.swift in Sources */,
				837D79262A8DBDD7005B498E /* Dictionary.swift in Sources */,
				837D792E2A8DD59E005B498E /* String+MD5.swift in Sources */,
				837D79222A8DBDD7005B498E /* DeviceModel.swift in Sources */,
				837D79242A8DBDD7005B498E /* NSString.swift in Sources */,
				837D792C2A8DD1EA005B498E /* UITableViewCell.swift in Sources */,
				837D79232A8DBDD7005B498E /* UIDevice.swift in Sources */,
			);
			runOnlyForDeploymentPostprocessing = 0;
		};
		837D78EF2A8CCA6C005B498E /* Sources */ = {
			isa = PBXSourcesBuildPhase;
			buildActionMask = 2147483647;
			files = (
				837D792A2A8DBDE6005B498E /* Dictionary_test.swift in Sources */,
			);
			runOnlyForDeploymentPostprocessing = 0;
		};
/* End PBXSourcesBuildPhase section */

/* Begin PBXTargetDependency section */
		837D78F62A8CCA6C005B498E /* PBXTargetDependency */ = {
			isa = PBXTargetDependency;
			target = 837D78EA2A8CCA6B005B498E /* MN5SwiftKit */;
			targetProxy = 837D78F52A8CCA6C005B498E /* PBXContainerItemProxy */;
		};
/* End PBXTargetDependency section */

/* Begin XCBuildConfiguration section */
		837D78FB2A8CCA6C005B498E /* Debug */ = {
			isa = XCBuildConfiguration;
			buildSettings = {
				ALWAYS_SEARCH_USER_PATHS = NO;
				CLANG_ANALYZER_NONNULL = YES;
				CLANG_ANALYZER_NUMBER_OBJECT_CONVERSION = YES_AGGRESSIVE;
				CLANG_CXX_LANGUAGE_STANDARD = "gnu++20";
				CLANG_ENABLE_MODULES = YES;
				CLANG_ENABLE_OBJC_ARC = YES;
				CLANG_ENABLE_OBJC_WEAK = YES;
				CLANG_WARN_BLOCK_CAPTURE_AUTORELEASING = YES;
				CLANG_WARN_BOOL_CONVERSION = YES;
				CLANG_WARN_COMMA = YES;
				CLANG_WARN_CONSTANT_CONVERSION = YES;
				CLANG_WARN_DEPRECATED_OBJC_IMPLEMENTATIONS = YES;
				CLANG_WARN_DIRECT_OBJC_ISA_USAGE = YES_ERROR;
				CLANG_WARN_DOCUMENTATION_COMMENTS = YES;
				CLANG_WARN_EMPTY_BODY = YES;
				CLANG_WARN_ENUM_CONVERSION = YES;
				CLANG_WARN_INFINITE_RECURSION = YES;
				CLANG_WARN_INT_CONVERSION = YES;
				CLANG_WARN_NON_LITERAL_NULL_CONVERSION = YES;
				CLANG_WARN_OBJC_IMPLICIT_RETAIN_SELF = YES;
				CLANG_WARN_OBJC_LITERAL_CONVERSION = YES;
				CLANG_WARN_OBJC_ROOT_CLASS = YES_ERROR;
				CLANG_WARN_QUOTED_INCLUDE_IN_FRAMEWORK_HEADER = YES;
				CLANG_WARN_RANGE_LOOP_ANALYSIS = YES;
				CLANG_WARN_STRICT_PROTOTYPES = YES;
				CLANG_WARN_SUSPICIOUS_MOVE = YES;
				CLANG_WARN_UNGUARDED_AVAILABILITY = YES_AGGRESSIVE;
				CLANG_WARN_UNREACHABLE_CODE = YES;
				CLANG_WARN__DUPLICATE_METHOD_MATCH = YES;
				COPY_PHASE_STRIP = NO;
				CURRENT_PROJECT_VERSION = 1;
				DEBUG_INFORMATION_FORMAT = dwarf;
				ENABLE_STRICT_OBJC_MSGSEND = YES;
				ENABLE_TESTABILITY = YES;
				GCC_C_LANGUAGE_STANDARD = gnu11;
				GCC_DYNAMIC_NO_PIC = NO;
				GCC_NO_COMMON_BLOCKS = YES;
				GCC_OPTIMIZATION_LEVEL = 0;
				GCC_PREPROCESSOR_DEFINITIONS = (
					"DEBUG=1",
					"$(inherited)",
				);
				GCC_WARN_64_TO_32_BIT_CONVERSION = YES;
				GCC_WARN_ABOUT_RETURN_TYPE = YES_ERROR;
				GCC_WARN_UNDECLARED_SELECTOR = YES;
				GCC_WARN_UNINITIALIZED_AUTOS = YES_AGGRESSIVE;
				GCC_WARN_UNUSED_FUNCTION = YES;
				GCC_WARN_UNUSED_VARIABLE = YES;
				MTL_ENABLE_DEBUG_INFO = INCLUDE_SOURCE;
				MTL_FAST_MATH = YES;
				ONLY_ACTIVE_ARCH = YES;
				SWIFT_ACTIVE_COMPILATION_CONDITIONS = DEBUG;
				SWIFT_OPTIMIZATION_LEVEL = "-Onone";
				VERSIONING_SYSTEM = "apple-generic";
				VERSION_INFO_PREFIX = "";
			};
			name = Debug;
		};
		837D78FC2A8CCA6C005B498E /* Release */ = {
			isa = XCBuildConfiguration;
			buildSettings = {
				ALWAYS_SEARCH_USER_PATHS = NO;
				CLANG_ANALYZER_NONNULL = YES;
				CLANG_ANALYZER_NUMBER_OBJECT_CONVERSION = YES_AGGRESSIVE;
				CLANG_CXX_LANGUAGE_STANDARD = "gnu++20";
				CLANG_ENABLE_MODULES = YES;
				CLANG_ENABLE_OBJC_ARC = YES;
				CLANG_ENABLE_OBJC_WEAK = YES;
				CLANG_WARN_BLOCK_CAPTURE_AUTORELEASING = YES;
				CLANG_WARN_BOOL_CONVERSION = YES;
				CLANG_WARN_COMMA = YES;
				CLANG_WARN_CONSTANT_CONVERSION = YES;
				CLANG_WARN_DEPRECATED_OBJC_IMPLEMENTATIONS = YES;
				CLANG_WARN_DIRECT_OBJC_ISA_USAGE = YES_ERROR;
				CLANG_WARN_DOCUMENTATION_COMMENTS = YES;
				CLANG_WARN_EMPTY_BODY = YES;
				CLANG_WARN_ENUM_CONVERSION = YES;
				CLANG_WARN_INFINITE_RECURSION = YES;
				CLANG_WARN_INT_CONVERSION = YES;
				CLANG_WARN_NON_LITERAL_NULL_CONVERSION = YES;
				CLANG_WARN_OBJC_IMPLICIT_RETAIN_SELF = YES;
				CLANG_WARN_OBJC_LITERAL_CONVERSION = YES;
				CLANG_WARN_OBJC_ROOT_CLASS = YES_ERROR;
				CLANG_WARN_QUOTED_INCLUDE_IN_FRAMEWORK_HEADER = YES;
				CLANG_WARN_RANGE_LOOP_ANALYSIS = YES;
				CLANG_WARN_STRICT_PROTOTYPES = YES;
				CLANG_WARN_SUSPICIOUS_MOVE = YES;
				CLANG_WARN_UNGUARDED_AVAILABILITY = YES_AGGRESSIVE;
				CLANG_WARN_UNREACHABLE_CODE = YES;
				CLANG_WARN__DUPLICATE_METHOD_MATCH = YES;
				COPY_PHASE_STRIP = NO;
				CURRENT_PROJECT_VERSION = 1;
				DEBUG_INFORMATION_FORMAT = "dwarf-with-dsym";
				ENABLE_NS_ASSERTIONS = NO;
				ENABLE_STRICT_OBJC_MSGSEND = YES;
				GCC_C_LANGUAGE_STANDARD = gnu11;
				GCC_NO_COMMON_BLOCKS = YES;
				GCC_WARN_64_TO_32_BIT_CONVERSION = YES;
				GCC_WARN_ABOUT_RETURN_TYPE = YES_ERROR;
				GCC_WARN_UNDECLARED_SELECTOR = YES;
				GCC_WARN_UNINITIALIZED_AUTOS = YES_AGGRESSIVE;
				GCC_WARN_UNUSED_FUNCTION = YES;
				GCC_WARN_UNUSED_VARIABLE = YES;
				MTL_ENABLE_DEBUG_INFO = NO;
				MTL_FAST_MATH = YES;
				SWIFT_COMPILATION_MODE = wholemodule;
				SWIFT_OPTIMIZATION_LEVEL = "-O";
				VERSIONING_SYSTEM = "apple-generic";
				VERSION_INFO_PREFIX = "";
			};
			name = Release;
		};
		837D78FE2A8CCA6C005B498E /* Debug */ = {
			isa = XCBuildConfiguration;
			buildSettings = {
				CODE_SIGN_STYLE = Automatic;
				CURRENT_PROJECT_VERSION = 1;
				DEFINES_MODULE = YES;
				DYLIB_COMPATIBILITY_VERSION = 1;
				DYLIB_CURRENT_VERSION = 1;
				DYLIB_INSTALL_NAME_BASE = "@rpath";
				ENABLE_MODULE_VERIFIER = YES;
				GENERATE_INFOPLIST_FILE = YES;
				INFOPLIST_KEY_NSHumanReadableCopyright = "";
				INSTALL_PATH = "$(LOCAL_LIBRARY_DIR)/Frameworks";
				IPHONEOS_DEPLOYMENT_TARGET = 16.4;
				LD_RUNPATH_SEARCH_PATHS = (
					"@executable_path/Frameworks",
					"@loader_path/Frameworks",
				);
				"LD_RUNPATH_SEARCH_PATHS[sdk=macosx*]" = (
					"@executable_path/../Frameworks",
					"@loader_path/Frameworks",
				);
				MACOSX_DEPLOYMENT_TARGET = 13.3;
				MARKETING_VERSION = 1.0;
				MODULE_VERIFIER_SUPPORTED_LANGUAGES = "objective-c objective-c++";
				MODULE_VERIFIER_SUPPORTED_LANGUAGE_STANDARDS = "gnu11 gnu++20";
				PRODUCT_BUNDLE_IDENTIFIER = mornin5.MN5SwiftKit;
				PRODUCT_NAME = "$(TARGET_NAME:c99extidentifier)";
				SDKROOT = auto;
				SKIP_INSTALL = YES;
				SUPPORTED_PLATFORMS = "iphoneos iphonesimulator macosx";
				SWIFT_EMIT_LOC_STRINGS = YES;
				SWIFT_VERSION = 5.0;
				TARGETED_DEVICE_FAMILY = "1,2";
			};
			name = Debug;
		};
		837D78FF2A8CCA6C005B498E /* Release */ = {
			isa = XCBuildConfiguration;
			buildSettings = {
				CODE_SIGN_STYLE = Automatic;
				CURRENT_PROJECT_VERSION = 1;
				DEFINES_MODULE = YES;
				DYLIB_COMPATIBILITY_VERSION = 1;
				DYLIB_CURRENT_VERSION = 1;
				DYLIB_INSTALL_NAME_BASE = "@rpath";
				ENABLE_MODULE_VERIFIER = YES;
				GENERATE_INFOPLIST_FILE = YES;
				INFOPLIST_KEY_NSHumanReadableCopyright = "";
				INSTALL_PATH = "$(LOCAL_LIBRARY_DIR)/Frameworks";
				IPHONEOS_DEPLOYMENT_TARGET = 16.4;
				LD_RUNPATH_SEARCH_PATHS = (
					"@executable_path/Frameworks",
					"@loader_path/Frameworks",
				);
				"LD_RUNPATH_SEARCH_PATHS[sdk=macosx*]" = (
					"@executable_path/../Frameworks",
					"@loader_path/Frameworks",
				);
				MACOSX_DEPLOYMENT_TARGET = 13.3;
				MARKETING_VERSION = 1.0;
				MODULE_VERIFIER_SUPPORTED_LANGUAGES = "objective-c objective-c++";
				MODULE_VERIFIER_SUPPORTED_LANGUAGE_STANDARDS = "gnu11 gnu++20";
				PRODUCT_BUNDLE_IDENTIFIER = mornin5.MN5SwiftKit;
				PRODUCT_NAME = "$(TARGET_NAME:c99extidentifier)";
				SDKROOT = auto;
				SKIP_INSTALL = YES;
				SUPPORTED_PLATFORMS = "iphoneos iphonesimulator macosx";
				SWIFT_EMIT_LOC_STRINGS = YES;
				SWIFT_VERSION = 5.0;
				TARGETED_DEVICE_FAMILY = "1,2";
			};
			name = Release;
		};
		837D79012A8CCA6C005B498E /* Debug */ = {
			isa = XCBuildConfiguration;
			buildSettings = {
				ALWAYS_EMBED_SWIFT_STANDARD_LIBRARIES = YES;
				CODE_SIGN_STYLE = Automatic;
				CURRENT_PROJECT_VERSION = 1;
				GENERATE_INFOPLIST_FILE = YES;
				IPHONEOS_DEPLOYMENT_TARGET = 16.4;
				MACOSX_DEPLOYMENT_TARGET = 13.3;
				MARKETING_VERSION = 1.0;
				PRODUCT_BUNDLE_IDENTIFIER = mornin5.MN5SwiftKitTests;
				PRODUCT_NAME = "$(TARGET_NAME)";
				SDKROOT = auto;
				SUPPORTED_PLATFORMS = "iphoneos iphonesimulator macosx";
				SWIFT_EMIT_LOC_STRINGS = NO;
				SWIFT_VERSION = 5.0;
				TARGETED_DEVICE_FAMILY = "1,2";
			};
			name = Debug;
		};
		837D79022A8CCA6C005B498E /* Release */ = {
			isa = XCBuildConfiguration;
			buildSettings = {
				ALWAYS_EMBED_SWIFT_STANDARD_LIBRARIES = YES;
				CODE_SIGN_STYLE = Automatic;
				CURRENT_PROJECT_VERSION = 1;
				GENERATE_INFOPLIST_FILE = YES;
				IPHONEOS_DEPLOYMENT_TARGET = 16.4;
				MACOSX_DEPLOYMENT_TARGET = 13.3;
				MARKETING_VERSION = 1.0;
				PRODUCT_BUNDLE_IDENTIFIER = mornin5.MN5SwiftKitTests;
				PRODUCT_NAME = "$(TARGET_NAME)";
				SDKROOT = auto;
				SUPPORTED_PLATFORMS = "iphoneos iphonesimulator macosx";
				SWIFT_EMIT_LOC_STRINGS = NO;
				SWIFT_VERSION = 5.0;
				TARGETED_DEVICE_FAMILY = "1,2";
			};
			name = Release;
		};
/* End XCBuildConfiguration section */

/* Begin XCConfigurationList section */
		837D78E52A8CCA6B005B498E /* Build configuration list for PBXProject "MN5SwiftKit" */ = {
			isa = XCConfigurationList;
			buildConfigurations = (
				837D78FB2A8CCA6C005B498E /* Debug */,
				837D78FC2A8CCA6C005B498E /* Release */,
			);
			defaultConfigurationIsVisible = 0;
			defaultConfigurationName = Release;
		};
		837D78FD2A8CCA6C005B498E /* Build configuration list for PBXNativeTarget "MN5SwiftKit" */ = {
			isa = XCConfigurationList;
			buildConfigurations = (
				837D78FE2A8CCA6C005B498E /* Debug */,
				837D78FF2A8CCA6C005B498E /* Release */,
			);
			defaultConfigurationIsVisible = 0;
			defaultConfigurationName = Release;
		};
		837D79002A8CCA6C005B498E /* Build configuration list for PBXNativeTarget "MN5SwiftKitTests" */ = {
			isa = XCConfigurationList;
			buildConfigurations = (
				837D79012A8CCA6C005B498E /* Debug */,
				837D79022A8CCA6C005B498E /* Release */,
			);
			defaultConfigurationIsVisible = 0;
			defaultConfigurationName = Release;
		};
/* End XCConfigurationList section */
	};
	rootObject = 837D78E22A8CCA6B005B498E /* Project object */;
}
